
Microsoft Visual Studio Solution File, Format Version 11.00
# Visual Studio 2010
Project("{FAE04EC0-301F-11D3-BF4B-00C04F79EFBC}") = "Assembly-CSharp", "Assembly-CSharp.csproj", "{503D177D-947B-5FD4-CD90-F3A6DFFA42C2}"
EndProject
Global
	GlobalSection(SolutionConfigurationPlatforms) = preSolution
		Debug|Any CPU = Debug|Any CPU
		Release|Any CPU = Release|Any CPU
	EndGlobalSection
	GlobalSection(ProjectConfigurationPlatforms) = postSolution
		{503D177D-947B-5FD4-CD90-F3A6DFFA42C2}.Debug|Any CPU.ActiveCfg = Debug|Any CPU
		{503D177D-947B-5FD4-CD90-F3A6DFFA42C2}.Debug|Any CPU.Build.0 = Debug|Any CPU
		{503D177D-947B-5FD4-CD90-F3A6DFFA42C2}.Release|Any CPU.ActiveCfg = Release|Any CPU
		{503D177D-947B-5FD4-CD90-F3A6DFFA42C2}.Release|Any CPU.Build.0 = Release|Any CPU
	EndGlobalSection
	GlobalSection(SolutionProperties) = preSolution
		HideSolutionNode = FALSE
	EndGlobalSection
	GlobalSection(MonoDevelopProperties) = preSolution
		StartupItem = Assembly-CSharp.csproj
	EndGlobalSection
EndGlobal
